
Microsoft Visual Studio Solution File, Format Version 12.00
# Visual Studio Version 17
VisualStudioVersion = 17.0.32112.339
MinimumVisualStudioVersion = 10.0.40219.1
Project("{FAE04EC0-301F-11D3-BF4B-00C04F79EFBC}") = "Geo", "Geo\Geo.csproj", "{89C189D6-8981-419D-9601-040E6B5C6216}"
EndProject
Global
	GlobalSection(SolutionConfigurationPlatforms) = preSolution
		Debug|Any CPU = Debug|Any CPU
		Release|Any CPU = Release|Any CPU
	EndGlobalSection
	GlobalSection(ProjectConfigurationPlatforms) = postSolution
		{89C189D6-8981-419D-9601-040E6B5C6216}.Debug|Any CPU.ActiveCfg = Debug|Any CPU
		{89C189D6-8981-419D-9601-040E6B5C6216}.Debug|Any CPU.Build.0 = Debug|Any CPU
		{89C189D6-8981-419D-9601-040E6B5C6216}.Release|Any CPU.ActiveCfg = Release|Any CPU
		{89C189D6-8981-419D-9601-040E6B5C6216}.Release|Any CPU.Build.0 = Release|Any CPU
	EndGlobalSection
	GlobalSection(SolutionProperties) = preSolution
		HideSolutionNode = FALSE
	EndGlobalSection
	GlobalSection(ExtensibilityGlobals) = postSolution
		SolutionGuid = {E56F520A-AB50-4048-A64E-280BE2BBAD80}
	EndGlobalSection
EndGlobal
